
Microsoft Visual Studio Solution File, Format Version 12.00
# Visual Studio Version 17
VisualStudioVersion = 17.2.32630.192
MinimumVisualStudioVersion = 10.0.40219.1
Project("{9A19103F-16F7-4668-BE54-9A1E7A4F7556}") = "Tree", "Tree\Tree.csproj", "{0A399631-09B7-4799-9195-6B0C7F2C928F}"
EndProject
Project("{9A19103F-16F7-4668-BE54-9A1E7A4F7556}") = "TreeTest", "TreeTest\TreeTest.csproj", "{BCFF7405-A0A6-4347-84D8-226D5BE412BB}"
EndProject
Project("{FAE04EC0-301F-11D3-BF4B-00C04F79EFBC}") = "Common", "Common\Common.csproj", "{7FA9E6AD-7E6E-4F38-B107-68B052FB6BB4}"
EndProject
Global
	GlobalSection(SolutionConfigurationPlatforms) = preSolution
		Debug|Any CPU = Debug|Any CPU
		Release|Any CPU = Release|Any CPU
	EndGlobalSection
	GlobalSection(ProjectConfigurationPlatforms) = postSolution
		{0A399631-09B7-4799-9195-6B0C7F2C928F}.Debug|Any CPU.ActiveCfg = Debug|Any CPU
		{0A399631-09B7-4799-9195-6B0C7F2C928F}.Debug|Any CPU.Build.0 = Debug|Any CPU
		{0A399631-09B7-4799-9195-6B0C7F2C928F}.Release|Any CPU.ActiveCfg = Release|Any CPU
		{0A399631-09B7-4799-9195-6B0C7F2C928F}.Release|Any CPU.Build.0 = Release|Any CPU
		{BCFF7405-A0A6-4347-84D8-226D5BE412BB}.Debug|Any CPU.ActiveCfg = Debug|Any CPU
		{BCFF7405-A0A6-4347-84D8-226D5BE412BB}.Debug|Any CPU.Build.0 = Debug|Any CPU
		{BCFF7405-A0A6-4347-84D8-226D5BE412BB}.Release|Any CPU.ActiveCfg = Release|Any CPU
		{BCFF7405-A0A6-4347-84D8-226D5BE412BB}.Release|Any CPU.Build.0 = Release|Any CPU
		{7FA9E6AD-7E6E-4F38-B107-68B052FB6BB4}.Debug|Any CPU.ActiveCfg = Debug|Any CPU
		{7FA9E6AD-7E6E-4F38-B107-68B052FB6BB4}.Debug|Any CPU.Build.0 = Debug|Any CPU
		{7FA9E6AD-7E6E-4F38-B107-68B052FB6BB4}.Release|Any CPU.ActiveCfg = Release|Any CPU
		{7FA9E6AD-7E6E-4F38-B107-68B052FB6BB4}.Release|Any CPU.Build.0 = Release|Any CPU
	EndGlobalSection
	GlobalSection(SolutionProperties) = preSolution
		HideSolutionNode = FALSE
	EndGlobalSection
	GlobalSection(ExtensibilityGlobals) = postSolution
		SolutionGuid = {CF4C43B6-0E42-4AF9-9ED6-F105D3578E79}
	EndGlobalSection
EndGlobal
